
Microsoft Visual Studio Solution File, Format Version 12.00
# Visual Studio Version 16
VisualStudioVersion = 16.0.31229.75
MinimumVisualStudioVersion = 10.0.40219.1
Project("{159641D6-6404-4A2A-AE62-294DE0FE8301}") = "Reportes", "Reportes\Reportes.dtproj", "{95AA7114-6537-43D9-85EA-760130EDD3BC}"
EndProject
Global
	GlobalSection(SolutionConfigurationPlatforms) = preSolution
		Development|Default = Development|Default
	EndGlobalSection
	GlobalSection(ProjectConfigurationPlatforms) = postSolution
		{95AA7114-6537-43D9-85EA-760130EDD3BC}.Development|Default.ActiveCfg = Development
		{95AA7114-6537-43D9-85EA-760130EDD3BC}.Development|Default.Build.0 = Development
	EndGlobalSection
	GlobalSection(SolutionProperties) = preSolution
		HideSolutionNode = FALSE
	EndGlobalSection
	GlobalSection(ExtensibilityGlobals) = postSolution
		SolutionGuid = {DC9D0E8F-4411-4136-926E-BBEF24F512AD}
	EndGlobalSection
EndGlobal
